// !$*UTF8*$!
{
	archiveVersion = 1;
	classes = {
	};
	objectVersion = 48;
	objects = {

/* Begin PBXBuildFile section */
		6BA602CE2068900800DEA683 /* AppDelegate.m in Sources */ = {isa = PBXBuildFile; fileRef = 6BA602CD2068900800DEA683 /* AppDelegate.m */; };
		6BA602D12068900800DEA683 /* ViewController.m in Sources */ = {isa = PBXBuildFile; fileRef = 6BA602D02068900800DEA683 /* ViewController.m */; };
		6BA602D42068900800DEA683 /* Main.storyboard in Resources */ = {isa = PBXBuildFile; fileRef = 6BA602D22068900800DEA683 /* Main.storyboard */; };
		6BA602D62068900800DEA683 /* Assets.xcassets in Resources */ = {isa = PBXBuildFile; fileRef = 6BA602D52068900800DEA683 /* Assets.xcassets */; };
		6BA602D92068900800DEA683 /* LaunchScreen.storyboard in Resources */ = {isa = PBXBuildFile; fileRef = 6BA602D72068900800DEA683 /* LaunchScreen.storyboard */; };
		6BA602DC2068900800DEA683 /* main.m in Sources */ = {isa = PBXBuildFile; fileRef = 6BA602DB2068900800DEA683 /* main.m */; };
/* End PBXBuildFile section */

/* Begin PBXFileReference section */
		6BA602C92068900800DEA683 /* DMInvocation.app */ = {isa = PBXFileReference; explicitFileType = wrapper.application; includeInIndex = 0; path = DMInvocation.app; sourceTree = BUILT_PRODUCTS_DIR; };
		6BA602CC2068900800DEA683 /* AppDelegate.h */ = {isa = PBXFileReference; lastKnownFileType = sourcecode.c.h; path = AppDelegate.h; sourceTree = "<group>"; };
		6BA602CD2068900800DEA683 /* AppDelegate.m */ = {isa = PBXFileReference; lastKnownFileType = sourcecode.c.objc; path = AppDelegate.m; sourceTree = "<group>"; };
		6BA602CF2068900800DEA683 /* ViewController.h */ = {isa = PBXFileReference; lastKnownFileType = sourcecode.c.h; path = ViewController.h; sourceTree = "<group>"; };
		6BA602D02068900800DEA683 /* ViewController.m */ = {isa = PBXFileReference; lastKnownFileType = sourcecode.c.objc; path = ViewController.m; sourceTree = "<group>"; };
		6BA602D32068900800DEA683 /* Base */ = {isa = PBXFileReference; lastKnownFileType = file.storyboard; name = Base; path = Base.lproj/Main.storyboard; sourceTree = "<group>"; };
		6BA602D52068900800DEA683 /* Assets.xcassets */ = {isa = PBXFileReference; lastKnownFileType = folder.assetcatalog; path = Assets.xcassets; sourceTree = "<group>"; };
		6BA602D82068900800DEA683 /* Base */ = {isa = PBXFileReference; lastKnownFileType = file.storyboard; name = Base; path = Base.lproj/LaunchScreen.storyboard; sourceTree = "<group>"; };
		6BA602DA2068900800DEA683 /* Info.plist */ = {isa = PBXFileReference; lastKnownFileType = text.plist.xml; path = Info.plist; sourceTree = "<group>"; };
		6BA602DB2068900800DEA683 /* main.m */ = {isa = PBXFileReference; lastKnownFileType = sourcecode.c.objc; path = main.m; sourceTree = "<group>"; };
/* End PBXFileReference section */

/* Begin PBXFrameworksBuildPhase section */
		6BA602C62068900800DEA683 /* Frameworks */ = {
			isa = PBXFrameworksBuildPhase;
			buildActionMask = 2147483647;
			files = (
			);
			runOnlyForDeploymentPostprocessing = 0;
		};
/* End PBXFrameworksBuildPhase section */

/* Begin PBXGroup section */
		6BA602C02068900800DEA683 = {
			isa = PBXGroup;
			children = (
				6BA602CB2068900800DEA683 /* DMInvocation */,
				6BA602CA2068900800DEA683 /* Products */,
			);
			sourceTree = "<group>";
		};
		6BA602CA2068900800DEA683 /* Products */ = {
			isa = PBXGroup;
			children = (
				6BA602C92068900800DEA683 /* DMInvocation.app */,
			);
			name = Products;
			sourceTree = "<group>";
		};
		6BA602CB2068900800DEA683 /* DMInvocation */ = {
			isa = PBXGroup;
			children = (
				6BA602CC2068900800DEA683 /* AppDelegate.h */,
				6BA602CD2068900800DEA683 /* AppDelegate.m */,
				6BA602CF2068900800DEA683 /* ViewController.h */,
				6BA602D02068900800DEA683 /* ViewController.m */,
				6BA602D22068900800DEA683 /* Main.storyboard */,
				6BA602D52068900800DEA683 /* Assets.xcassets */,
				6BA602D72068900800DEA683 /* LaunchScreen.storyboard */,
				6BA602DA2068900800DEA683 /* Info.plist */,
				6BA602DB2068900800DEA683 /* main.m */,
			);
			path = DMInvocation;
			sourceTree = "<group>";
		};
/* End PBXGroup section */

/* Begin PBXNativeTarget section */
		6BA602C82068900800DEA683 /* DMInvocation */ = {
			isa = PBXNativeTarget;
			buildConfigurationList = 6BA602DF2068900800DEA683 /* Build configuration list for PBXNativeTarget "DMInvocation" */;
			buildPhases = (
				6BA602C52068900800DEA683 /* Sources */,
				6BA602C62068900800DEA683 /* Frameworks */,
				6BA602C72068900800DEA683 /* Resources */,
			);
			buildRules = (
			);
			dependencies = (
			);
			name = DMInvocation;
			productName = DMInvocation;
			productReference = 6BA602C92068900800DEA683 /* DMInvocation.app */;
			productType = "com.apple.product-type.application";
		};
/* End PBXNativeTarget section */

/* Begin PBXProject section */
		6BA602C12068900800DEA683 /* Project object */ = {
			isa = PBXProject;
			attributes = {
				LastUpgradeCheck = 0920;
				ORGANIZATIONNAME = lbq;
				TargetAttributes = {
					6BA602C82068900800DEA683 = {
						CreatedOnToolsVersion = 9.2;
						ProvisioningStyle = Automatic;
					};
				};
			};
			buildConfigurationList = 6BA602C42068900800DEA683 /* Build configuration list for PBXProject "DMInvocation" */;
			compatibilityVersion = "Xcode 8.0";
			developmentRegion = en;
			hasScannedForEncodings = 0;
			knownRegions = (
				en,
				Base,
			);
			mainGroup = 6BA602C02068900800DEA683;
			productRefGroup = 6BA602CA2068900800DEA683 /* Products */;
			projectDirPath = "";
			projectRoot = "";
			targets = (
				6BA602C82068900800DEA683 /* DMInvocation */,
			);
		};
/* End PBXProject section */

/* Begin PBXResourcesBuildPhase section */
		6BA602C72068900800DEA683 /* Resources */ = {
			isa = PBXResourcesBuildPhase;
			buildActionMask = 2147483647;
			files = (
				6BA602D92068900800DEA683 /* LaunchScreen.storyboard in Resources */,
				6BA602D62068900800DEA683 /* Assets.xcassets in Resources */,
				6BA602D42068900800DEA683 /* Main.storyboard in Resources */,
			);
			runOnlyForDeploymentPostprocessing = 0;
		};
/* End PBXResourcesBuildPhase section */

/* Begin PBXSourcesBuildPhase section */
		6BA602C52068900800DEA683 /* Sources */ = {
			isa = PBXSourcesBuildPhase;
			buildActionMask = 2147483647;
			files = (
				6BA602D12068900800DEA683 /* ViewController.m in Sources */,
				6BA602DC2068900800DEA683 /* main.m in Sources */,
				6BA602CE2068900800DEA683 /* AppDelegate.m in Sources */,
			);
			runOnlyForDeploymentPostprocessing = 0;
		};
/* End PBXSourcesBuildPhase section */

/* Begin PBXVariantGroup section */
		6BA602D22068900800DEA683 /* Main.storyboard */ = {
			isa = PBXVariantGroup;
			children = (
				6BA602D32068900800DEA683 /* Base */,
			);
			name = Main.storyboard;
			sourceTree = "<group>";
		};
		6BA602D72068900800DEA683 /* LaunchScreen.storyboard */ = {
			isa = PBXVariantGroup;
			children = (
				6BA602D82068900800DEA683 /* Base */,
			);
			name = LaunchScreen.storyboard;
			sourceTree = "<group>";
		};
/* End PBXVariantGroup section */

/* Begin XCBuildConfiguration section */
		6BA602DD2068900800DEA683 /* Debug */ = {
			isa = XCBuildConfiguration;
			buildSettings = {
				ALWAYS_SEARCH_USER_PATHS = NO;
				CLANG_ANALYZER_NONNULL = YES;
				CLANG_ANALYZER_NUMBER_OBJECT_CONVERSION = YES_AGGRESSIVE;
				CLANG_CXX_LANGUAGE_STANDARD = "gnu++14";
				CLANG_CXX_LIBRARY = "libc++";
				CLANG_ENABLE_MODULES = YES;
				CLANG_ENABLE_OBJC_ARC = YES;
				CLANG_WARN_BLOCK_CAPTURE_AUTORELEASING = YES;
				CLANG_WARN_BOOL_CONVERSION = YES;
				CLANG_WARN_COMMA = YES;
				CLANG_WARN_CONSTANT_CONVERSION = YES;
				CLANG_WARN_DIRECT_OBJC_ISA_USAGE = YES_ERROR;
				CLANG_WARN_DOCUMENTATION_COMMENTS = YES;
				CLANG_WARN_EMPTY_BODY = YES;
				CLANG_WARN_ENUM_CONVERSION = YES;
				CLANG_WARN_INFINITE_RECURSION = YES;
				CLANG_WARN_INT_CONVERSION = YES;
				CLANG_WARN_NON_LITERAL_NULL_CONVERSION = YES;
				CLANG_WARN_OBJC_LITERAL_CONVERSION = YES;
				CLANG_WARN_OBJC_ROOT_CLASS = YES_ERROR;
				CLANG_WARN_RANGE_LOOP_ANALYSIS = YES;
				CLANG_WARN_STRICT_PROTOTYPES = YES;
				CLANG_WARN_SUSPICIOUS_MOVE = YES;
				CLANG_WARN_UNGUARDED_AVAILABILITY = YES_AGGRESSIVE;
				CLANG_WARN_UNREACHABLE_CODE = YES;
				CLANG_WARN__DUPLICATE_METHOD_MATCH = YES;
				CODE_SIGN_IDENTITY = "iPhone Developer";
				COPY_PHASE_STRIP = NO;
				DEBUG_INFORMATION_FORMAT = dwarf;
				ENABLE_STRICT_OBJC_MSGSEND = YES;
				ENABLE_TESTABILITY = YES;
				GCC_C_LANGUAGE_STANDARD = gnu11;
				GCC_DYNAMIC_NO_PIC = NO;
				GCC_NO_COMMON_BLOCKS = YES;
				GCC_OPTIMIZATION_LEVEL = 0;
				GCC_PREPROCESSOR_DEFINITIONS = (
					"DEBUG=1",
					"$(inherited)",
				);
				GCC_WARN_64_TO_32_BIT_CONVERSION = YES;
				GCC_WARN_ABOUT_RETURN_TYPE = YES_ERROR;
				GCC_WARN_UNDECLARED_SELECTOR = YES;
				GCC_WARN_UNINITIALIZED_AUTOS = YES_AGGRESSIVE;
				GCC_WARN_UNUSED_FUNCTION = YES;
				GCC_WARN_UNUSED_VARIABLE = YES;
				IPHONEOS_DEPLOYMENT_TARGET = 11.2;
				MTL_ENABLE_DEBUG_INFO = YES;
				ONLY_ACTIVE_ARCH = YES;
				SDKROOT = iphoneos;
			};
			name = Debug;
		};
		6BA602DE2068900800DEA683 /* Release */ = {
			isa = XCBuildConfiguration;
			buildSettings = {
				ALWAYS_SEARCH_USER_PATHS = NO;
				CLANG_ANALYZER_NONNULL = YES;
				CLANG_ANALYZER_NUMBER_OBJECT_CONVERSION = YES_AGGRESSIVE;
				CLANG_CXX_LANGUAGE_STANDARD = "gnu++14";
				CLANG_CXX_LIBRARY = "libc++";
				CLANG_ENABLE_MODULES = YES;
				CLANG_ENABLE_OBJC_ARC = YES;
				CLANG_WARN_BLOCK_CAPTURE_AUTORELEASING = YES;
				CLANG_WARN_BOOL_CONVERSION = YES;
				CLANG_WARN_COMMA = YES;
				CLANG_WARN_CONSTANT_CONVERSION = YES;
				CLANG_WARN_DIRECT_OBJC_ISA_USAGE = YES_ERROR;
				CLANG_WARN_DOCUMENTATION_COMMENTS = YES;
				CLANG_WARN_EMPTY_BODY = YES;
				CLANG_WARN_ENUM_CONVERSION = YES;
				CLANG_WARN_INFINITE_RECURSION = YES;
				CLANG_WARN_INT_CONVERSION = YES;
				CLANG_WARN_NON_LITERAL_NULL_CONVERSION = YES;
				CLANG_WARN_OBJC_LITERAL_CONVERSION = YES;
				CLANG_WARN_OBJC_ROOT_CLASS = YES_ERROR;
				CLANG_WARN_RANGE_LOOP_ANALYSIS = YES;
				CLANG_WARN_STRICT_PROTOTYPES = YES;
				CLANG_WARN_SUSPICIOUS_MOVE = YES;
				CLANG_WARN_UNGUARDED_AVAILABILITY = YES_AGGRESSIVE;
				CLANG_WARN_UNREACHABLE_CODE = YES;
				CLANG_WARN__DUPLICATE_METHOD_MATCH = YES;
				CODE_SIGN_IDENTITY = "iPhone Developer";
				COPY_PHASE_STRIP = NO;
				DEBUG_INFORMATION_FORMAT = "dwarf-with-dsym";
				ENABLE_NS_ASSERTIONS = NO;
				ENABLE_STRICT_OBJC_MSGSEND = YES;
				GCC_C_LANGUAGE_STANDARD = gnu11;
				GCC_NO_COMMON_BLOCKS = YES;
				GCC_WARN_64_TO_32_BIT_CONVERSION = YES;
				GCC_WARN_ABOUT_RETURN_TYPE = YES_ERROR;
				GCC_WARN_UNDECLARED_SELECTOR = YES;
				GCC_WARN_UNINITIALIZED_AUTOS = YES_AGGRESSIVE;
				GCC_WARN_UNUSED_FUNCTION = YES;
				GCC_WARN_UNUSED_VARIABLE = YES;
				IPHONEOS_DEPLOYMENT_TARGET = 11.2;
				MTL_ENABLE_DEBUG_INFO = NO;
				SDKROOT = iphoneos;
				VALIDATE_PRODUCT = YES;
			};
			name = Release;
		};
		6BA602E02068900800DEA683 /* Debug */ = {
			isa = XCBuildConfiguration;
			buildSettings = {
				ASSETCATALOG_COMPILER_APPICON_NAME = AppIcon;
				CODE_SIGN_STYLE = Automatic;
				INFOPLIST_FILE = DMInvocation/Info.plist;
				LD_RUNPATH_SEARCH_PATHS = "$(inherited) @executable_path/Frameworks";
				PRODUCT_BUNDLE_IDENTIFIER = com.msb.DMInvocation;
				PRODUCT_NAME = "$(TARGET_NAME)";
				TARGETED_DEVICE_FAMILY = "1,2";
			};
			name = Debug;
		};
		6BA602E12068900800DEA683 /* Release */ = {
			isa = XCBuildConfiguration;
			buildSettings = {
				ASSETCATALOG_COMPILER_APPICON_NAME = AppIcon;
				CODE_SIGN_STYLE = Automatic;
				INFOPLIST_FILE = DMInvocation/Info.plist;
				LD_RUNPATH_SEARCH_PATHS = "$(inherited) @executable_path/Frameworks";
				PRODUCT_BUNDLE_IDENTIFIER = com.msb.DMInvocation;
				PRODUCT_NAME = "$(TARGET_NAME)";
				TARGETED_DEVICE_FAMILY = "1,2";
			};
			name = Release;
		};
/* End XCBuildConfiguration section */

/* Begin XCConfigurationList section */
		6BA602C42068900800DEA683 /* Build configuration list for PBXProject "DMInvocation" */ = {
			isa = XCConfigurationList;
			buildConfigurations = (
				6BA602DD2068900800DEA683 /* Debug */,
				6BA602DE2068900800DEA683 /* Release */,
			);
			defaultConfigurationIsVisible = 0;
			defaultConfigurationName = Release;
		};
		6BA602DF2068900800DEA683 /* Build configuration list for PBXNativeTarget "DMInvocation" */ = {
			isa = XCConfigurationList;
			buildConfigurations = (
				6BA602E02068900800DEA683 /* Debug */,
				6BA602E12068900800DEA683 /* Release */,
			);
			defaultConfigurationIsVisible = 0;
			defaultConfigurationName = Release;
		};
/* End XCConfigurationList section */
	};
	rootObject = 6BA602C12068900800DEA683 /* Project object */;
}
